// !$*UTF8*$!
{
	archiveVersion = 1;
	classes = {
	};
	objectVersion = 46;
	objects = {

/* Begin PBXBuildFile section */
		F3C79AF31B34D1A500997E63 /* main.m in Sources */ = {isa = PBXBuildFile; fileRef = F3C79AF21B34D1A500997E63 /* main.m */; };
		F3C79AF61B34D1A500997E63 /* AppDelegate.m in Sources */ = {isa = PBXBuildFile; fileRef = F3C79AF51B34D1A500997E63 /* AppDelegate.m */; };
		F3C79AF91B34D1A500997E63 /* ViewController.m in Sources */ = {isa = PBXBuildFile; fileRef = F3C79AF81B34D1A500997E63 /* ViewController.m */; };
		F3C79AFC1B34D1A500997E63 /* Main.storyboard in Resources */ = {isa = PBXBuildFile; fileRef = F3C79AFA1B34D1A500997E63 /* Main.storyboard */; };
		F3C79AFE1B34D1A500997E63 /* Images.xcassets in Resources */ = {isa = PBXBuildFile; fileRef = F3C79AFD1B34D1A500997E63 /* Images.xcassets */; };
		F3C79B011B34D1A500997E63 /* LaunchScreen.xib in Resources */ = {isa = PBXBuildFile; fileRef = F3C79AFF1B34D1A500997E63 /* LaunchScreen.xib */; };
		F3C79B0D1B34D1A500997E63 /* TestAppTests.m in Sources */ = {isa = PBXBuildFile; fileRef = F3C79B0C1B34D1A500997E63 /* TestAppTests.m */; };
/* End PBXBuildFile section */

/* Begin PBXContainerItemProxy section */
		F3C79B071B34D1A500997E63 /* PBXContainerItemProxy */ = {
			isa = PBXContainerItemProxy;
			containerPortal = F3C79AE51B34D1A500997E63 /* Project object */;
			proxyType = 1;
			remoteGlobalIDString = F3C79AEC1B34D1A500997E63;
			remoteInfo = TestApp;
		};
/* End PBXContainerItemProxy section */

/* Begin PBXFileReference section */
		F3C79AED1B34D1A500997E63 /* TestApp.app */ = {isa = PBXFileReference; explicitFileType = wrapper.application; includeInIndex = 0; path = TestApp.app; sourceTree = BUILT_PRODUCTS_DIR; };
		F3C79AF11B34D1A500997E63 /* Info.plist */ = {isa = PBXFileReference; lastKnownFileType = text.plist.xml; path = Info.plist; sourceTree = "<group>"; };
		F3C79AF21B34D1A500997E63 /* main.m */ = {isa = PBXFileReference; lastKnownFileType = sourcecode.c.objc; path = main.m; sourceTree = "<group>"; };
		F3C79AF41B34D1A500997E63 /* AppDelegate.h */ = {isa = PBXFileReference; lastKnownFileType = sourcecode.c.h; path = AppDelegate.h; sourceTree = "<group>"; };
		F3C79AF51B34D1A500997E63 /* AppDelegate.m */ = {isa = PBXFileReference; lastKnownFileType = sourcecode.c.objc; path = AppDelegate.m; sourceTree = "<group>"; };
		F3C79AF71B34D1A500997E63 /* ViewController.h */ = {isa = PBXFileReference; lastKnownFileType = sourcecode.c.h; path = ViewController.h; sourceTree = "<group>"; };
		F3C79AF81B34D1A500997E63 /* ViewController.m */ = {isa = PBXFileReference; lastKnownFileType = sourcecode.c.objc; path = ViewController.m; sourceTree = "<group>"; };
		F3C79AFB1B34D1A500997E63 /* Base */ = {isa = PBXFileReference; lastKnownFileType = file.storyboard; name = Base; path = Base.lproj/Main.storyboard; sourceTree = "<group>"; };
		F3C79AFD1B34D1A500997E63 /* Images.xcassets */ = {isa = PBXFileReference; lastKnownFileType = folder.assetcatalog; path = Images.xcassets; sourceTree = "<group>"; };
		F3C79B001B34D1A500997E63 /* Base */ = {isa = PBXFileReference; lastKnownFileType = file.xib; name = Base; path = Base.lproj/LaunchScreen.xib; sourceTree = "<group>"; };
		F3C79B061B34D1A500997E63 /* TestAppTests.xctest */ = {isa = PBXFileReference; explicitFileType = wrapper.cfbundle; includeInIndex = 0; path = TestAppTests.xctest; sourceTree = BUILT_PRODUCTS_DIR; };
		F3C79B0B1B34D1A500997E63 /* Info.plist */ = {isa = PBXFileReference; lastKnownFileType = text.plist.xml; path = Info.plist; sourceTree = "<group>"; };
		F3C79B0C1B34D1A500997E63 /* TestAppTests.m */ = {isa = PBXFileReference; lastKnownFileType = sourcecode.c.objc; path = TestAppTests.m; sourceTree = "<group>"; };
/* End PBXFileReference section */

/* Begin PBXFrameworksBuildPhase section */
		F3C79AEA1B34D1A500997E63 /* Frameworks */ = {
			isa = PBXFrameworksBuildPhase;
			buildActionMask = 2147483647;
			files = (
			);
			runOnlyForDeploymentPostprocessing = 0;
		};
		F3C79B031B34D1A500997E63 /* Frameworks */ = {
			isa = PBXFrameworksBuildPhase;
			buildActionMask = 2147483647;
			files = (
			);
			runOnlyForDeploymentPostprocessing = 0;
		};
/* End PBXFrameworksBuildPhase section */

/* Begin PBXGroup section */
		F3C79AE41B34D1A500997E63 = {
			isa = PBXGroup;
			children = (
				F3C79AEF1B34D1A500997E63 /* TestApp */,
				F3C79B091B34D1A500997E63 /* TestAppTests */,
				F3C79AEE1B34D1A500997E63 /* Products */,
			);
			sourceTree = "<group>";
		};
		F3C79AEE1B34D1A500997E63 /* Products */ = {
			isa = PBXGroup;
			children = (
				F3C79AED1B34D1A500997E63 /* TestApp.app */,
				F3C79B061B34D1A500997E63 /* TestAppTests.xctest */,
			);
			name = Products;
			sourceTree = "<group>";
		};
		F3C79AEF1B34D1A500997E63 /* TestApp */ = {
			isa = PBXGroup;
			children = (
				F3C79AF41B34D1A500997E63 /* AppDelegate.h */,
				F3C79AF51B34D1A500997E63 /* AppDelegate.m */,
				F3C79AF71B34D1A500997E63 /* ViewController.h */,
				F3C79AF81B34D1A500997E63 /* ViewController.m */,
				F3C79AFA1B34D1A500997E63 /* Main.storyboard */,
				F3C79AFD1B34D1A500997E63 /* Images.xcassets */,
				F3C79AFF1B34D1A500997E63 /* LaunchScreen.xib */,
				F3C79AF01B34D1A500997E63 /* Supporting Files */,
			);
			path = TestApp;
			sourceTree = "<group>";
		};
		F3C79AF01B34D1A500997E63 /* Supporting Files */ = {
			isa = PBXGroup;
			children = (
				F3C79AF11B34D1A500997E63 /* Info.plist */,
				F3C79AF21B34D1A500997E63 /* main.m */,
			);
			name = "Supporting Files";
			sourceTree = "<group>";
		};
		F3C79B091B34D1A500997E63 /* TestAppTests */ = {
			isa = PBXGroup;
			children = (
				F3C79B0C1B34D1A500997E63 /* TestAppTests.m */,
				F3C79B0A1B34D1A500997E63 /* Supporting Files */,
			);
			path = TestAppTests;
			sourceTree = "<group>";
		};
		F3C79B0A1B34D1A500997E63 /* Supporting Files */ = {
			isa = PBXGroup;
			children = (
				F3C79B0B1B34D1A500997E63 /* Info.plist */,
			);
			name = "Supporting Files";
			sourceTree = "<group>";
		};
/* End PBXGroup section */

/* Begin PBXNativeTarget section */
		F3C79AEC1B34D1A500997E63 /* TestApp */ = {
			isa = PBXNativeTarget;
			buildConfigurationList = F3C79B101B34D1A500997E63 /* Build configuration list for PBXNativeTarget "TestApp" */;
			buildPhases = (
				F3C79AE91B34D1A500997E63 /* Sources */,
				F3C79AEA1B34D1A500997E63 /* Frameworks */,
				F3C79AEB1B34D1A500997E63 /* Resources */,
			);
			buildRules = (
			);
			dependencies = (
			);
			name = TestApp;
			productName = TestApp;
			productReference = F3C79AED1B34D1A500997E63 /* TestApp.app */;
			productType = "com.apple.product-type.application";
		};
		F3C79B051B34D1A500997E63 /* TestAppTests */ = {
			isa = PBXNativeTarget;
			buildConfigurationList = F3C79B131B34D1A500997E63 /* Build configuration list for PBXNativeTarget "TestAppTests" */;
			buildPhases = (
				F3C79B021B34D1A500997E63 /* Sources */,
				F3C79B031B34D1A500997E63 /* Frameworks */,
				F3C79B041B34D1A500997E63 /* Resources */,
			);
			buildRules = (
			);
			dependencies = (
				F3C79B081B34D1A500997E63 /* PBXTargetDependency */,
			);
			name = TestAppTests;
			productName = TestAppTests;
			productReference = F3C79B061B34D1A500997E63 /* TestAppTests.xctest */;
			productType = "com.apple.product-type.bundle.unit-test";
		};
/* End PBXNativeTarget section */

/* Begin PBXProject section */
		F3C79AE51B34D1A500997E63 /* Project object */ = {
			isa = PBXProject;
			attributes = {
				LastUpgradeCheck = 0630;
				ORGANIZATIONNAME = "Limelight Networks, Inc.";
				TargetAttributes = {
					F3C79AEC1B34D1A500997E63 = {
						CreatedOnToolsVersion = 6.3.2;
					};
					F3C79B051B34D1A500997E63 = {
						CreatedOnToolsVersion = 6.3.2;
						TestTargetID = F3C79AEC1B34D1A500997E63;
					};
				};
			};
			buildConfigurationList = F3C79AE81B34D1A500997E63 /* Build configuration list for PBXProject "TestApp" */;
			compatibilityVersion = "Xcode 3.2";
			developmentRegion = English;
			hasScannedForEncodings = 0;
			knownRegions = (
				en,
				Base,
			);
			mainGroup = F3C79AE41B34D1A500997E63;
			productRefGroup = F3C79AEE1B34D1A500997E63 /* Products */;
			projectDirPath = "";
			projectRoot = "";
			targets = (
				F3C79AEC1B34D1A500997E63 /* TestApp */,
				F3C79B051B34D1A500997E63 /* TestAppTests */,
			);
		};
/* End PBXProject section */

/* Begin PBXResourcesBuildPhase section */
		F3C79AEB1B34D1A500997E63 /* Resources */ = {
			isa = PBXResourcesBuildPhase;
			buildActionMask = 2147483647;
			files = (
				F3C79AFC1B34D1A500997E63 /* Main.storyboard in Resources */,
				F3C79B011B34D1A500997E63 /* LaunchScreen.xib in Resources */,
				F3C79AFE1B34D1A500997E63 /* Images.xcassets in Resources */,
			);
			runOnlyForDeploymentPostprocessing = 0;
		};
		F3C79B041B34D1A500997E63 /* Resources */ = {
			isa = PBXResourcesBuildPhase;
			buildActionMask = 2147483647;
			files = (
			);
			runOnlyForDeploymentPostprocessing = 0;
		};
/* End PBXResourcesBuildPhase section */

/* Begin PBXSourcesBuildPhase section */
		F3C79AE91B34D1A500997E63 /* Sources */ = {
			isa = PBXSourcesBuildPhase;
			buildActionMask = 2147483647;
			files = (
				F3C79AF91B34D1A500997E63 /* ViewController.m in Sources */,
				F3C79AF61B34D1A500997E63 /* AppDelegate.m in Sources */,
				F3C79AF31B34D1A500997E63 /* main.m in Sources */,
			);
			runOnlyForDeploymentPostprocessing = 0;
		};
		F3C79B021B34D1A500997E63 /* Sources */ = {
			isa = PBXSourcesBuildPhase;
			buildActionMask = 2147483647;
			files = (
				F3C79B0D1B34D1A500997E63 /* TestAppTests.m in Sources */,
			);
			runOnlyForDeploymentPostprocessing = 0;
		};
/* End PBXSourcesBuildPhase section */

/* Begin PBXTargetDependency section */
		F3C79B081B34D1A500997E63 /* PBXTargetDependency */ = {
			isa = PBXTargetDependency;
			target = F3C79AEC1B34D1A500997E63 /* TestApp */;
			targetProxy = F3C79B071B34D1A500997E63 /* PBXContainerItemProxy */;
		};
/* End PBXTargetDependency section */

/* Begin PBXVariantGroup section */
		F3C79AFA1B34D1A500997E63 /* Main.storyboard */ = {
			isa = PBXVariantGroup;
			children = (
				F3C79AFB1B34D1A500997E63 /* Base */,
			);
			name = Main.storyboard;
			sourceTree = "<group>";
		};
		F3C79AFF1B34D1A500997E63 /* LaunchScreen.xib */ = {
			isa = PBXVariantGroup;
			children = (
				F3C79B001B34D1A500997E63 /* Base */,
			);
			name = LaunchScreen.xib;
			sourceTree = "<group>";
		};
/* End PBXVariantGroup section */

/* Begin XCBuildConfiguration section */
		F3C79B0E1B34D1A500997E63 /* Debug */ = {
			isa = XCBuildConfiguration;
			buildSettings = {
				ALWAYS_SEARCH_USER_PATHS = NO;
				CLANG_CXX_LANGUAGE_STANDARD = "gnu++0x";
				CLANG_CXX_LIBRARY = "libc++";
				CLANG_ENABLE_MODULES = YES;
				CLANG_ENABLE_OBJC_ARC = YES;
				CLANG_WARN_BOOL_CONVERSION = YES;
				CLANG_WARN_CONSTANT_CONVERSION = YES;
				CLANG_WARN_DIRECT_OBJC_ISA_USAGE = YES_ERROR;
				CLANG_WARN_EMPTY_BODY = YES;
				CLANG_WARN_ENUM_CONVERSION = YES;
				CLANG_WARN_INT_CONVERSION = YES;
				CLANG_WARN_OBJC_ROOT_CLASS = YES_ERROR;
				CLANG_WARN_UNREACHABLE_CODE = YES;
				CLANG_WARN__DUPLICATE_METHOD_MATCH = YES;
				"CODE_SIGN_IDENTITY[sdk=iphoneos*]" = "iPhone Developer";
				COPY_PHASE_STRIP = NO;
				DEBUG_INFORMATION_FORMAT = "dwarf-with-dsym";
				ENABLE_STRICT_OBJC_MSGSEND = YES;
				GCC_C_LANGUAGE_STANDARD = gnu99;
				GCC_DYNAMIC_NO_PIC = NO;
				GCC_NO_COMMON_BLOCKS = YES;
				GCC_OPTIMIZATION_LEVEL = 0;
				GCC_PREPROCESSOR_DEFINITIONS = (
					"DEBUG=1",
					"$(inherited)",
				);
				GCC_SYMBOLS_PRIVATE_EXTERN = NO;
				GCC_WARN_64_TO_32_BIT_CONVERSION = YES;
				GCC_WARN_ABOUT_RETURN_TYPE = YES_ERROR;
				GCC_WARN_UNDECLARED_SELECTOR = YES;
				GCC_WARN_UNINITIALIZED_AUTOS = YES_AGGRESSIVE;
				GCC_WARN_UNUSED_FUNCTION = YES;
				GCC_WARN_UNUSED_VARIABLE = YES;
				IPHONEOS_DEPLOYMENT_TARGET = 8.3;
				MTL_ENABLE_DEBUG_INFO = YES;
				ONLY_ACTIVE_ARCH = YES;
				SDKROOT = iphoneos;
			};
			name = Debug;
		};
		F3C79B0F1B34D1A500997E63 /* Release */ = {
			isa = XCBuildConfiguration;
			buildSettings = {
				ALWAYS_SEARCH_USER_PATHS = NO;
				CLANG_CXX_LANGUAGE_STANDARD = "gnu++0x";
				CLANG_CXX_LIBRARY = "libc++";
				CLANG_ENABLE_MODULES = YES;
				CLANG_ENABLE_OBJC_ARC = YES;
				CLANG_WARN_BOOL_CONVERSION = YES;
				CLANG_WARN_CONSTANT_CONVERSION = YES;
				CLANG_WARN_DIRECT_OBJC_ISA_USAGE = YES_ERROR;
				CLANG_WARN_EMPTY_BODY = YES;
				CLANG_WARN_ENUM_CONVERSION = YES;
				CLANG_WARN_INT_CONVERSION = YES;
				CLANG_WARN_OBJC_ROOT_CLASS = YES_ERROR;
				CLANG_WARN_UNREACHABLE_CODE = YES;
				CLANG_WARN__DUPLICATE_METHOD_MATCH = YES;
				"CODE_SIGN_IDENTITY[sdk=iphoneos*]" = "iPhone Developer";
				COPY_PHASE_STRIP = NO;
				DEBUG_INFORMATION_FORMAT = "dwarf-with-dsym";
				ENABLE_NS_ASSERTIONS = NO;
				ENABLE_STRICT_OBJC_MSGSEND = YES;
				GCC_C_LANGUAGE_STANDARD = gnu99;
				GCC_NO_COMMON_BLOCKS = YES;
				GCC_WARN_64_TO_32_BIT_CONVERSION = YES;
				GCC_WARN_ABOUT_RETURN_TYPE = YES_ERROR;
				GCC_WARN_UNDECLARED_SELECTOR = YES;
				GCC_WARN_UNINITIALIZED_AUTOS = YES_AGGRESSIVE;
				GCC_WARN_UNUSED_FUNCTION = YES;
				GCC_WARN_UNUSED_VARIABLE = YES;
				IPHONEOS_DEPLOYMENT_TARGET = 8.3;
				MTL_ENABLE_DEBUG_INFO = NO;
				SDKROOT = iphoneos;
				VALIDATE_PRODUCT = YES;
			};
			name = Release;
		};
		F3C79B111B34D1A500997E63 /* Debug */ = {
			isa = XCBuildConfiguration;
			buildSettings = {
				ASSETCATALOG_COMPILER_APPICON_NAME = AppIcon;
				INFOPLIST_FILE = TestApp/Info.plist;
				LD_RUNPATH_SEARCH_PATHS = "$(inherited) @executable_path/Frameworks";
				PRODUCT_NAME = "$(TARGET_NAME)";
			};
			name = Debug;
		};
		F3C79B121B34D1A500997E63 /* Release */ = {
			isa = XCBuildConfiguration;
			buildSettings = {
				ASSETCATALOG_COMPILER_APPICON_NAME = AppIcon;
				INFOPLIST_FILE = TestApp/Info.plist;
				LD_RUNPATH_SEARCH_PATHS = "$(inherited) @executable_path/Frameworks";
				PRODUCT_NAME = "$(TARGET_NAME)";
			};
			name = Release;
		};
		F3C79B141B34D1A500997E63 /* Debug */ = {
			isa = XCBuildConfiguration;
			buildSettings = {
				BUNDLE_LOADER = "$(TEST_HOST)";
				FRAMEWORK_SEARCH_PATHS = (
					"$(SDKROOT)/Developer/Library/Frameworks",
					"$(inherited)",
				);
				GCC_PREPROCESSOR_DEFINITIONS = (
					"DEBUG=1",
					"$(inherited)",
				);
				INFOPLIST_FILE = TestAppTests/Info.plist;
				LD_RUNPATH_SEARCH_PATHS = "$(inherited) @executable_path/Frameworks @loader_path/Frameworks";
				PRODUCT_NAME = "$(TARGET_NAME)";
				TEST_HOST = "$(BUILT_PRODUCTS_DIR)/TestApp.app/TestApp";
			};
			name = Debug;
		};
		F3C79B151B34D1A500997E63 /* Release */ = {
			isa = XCBuildConfiguration;
			buildSettings = {
				BUNDLE_LOADER = "$(TEST_HOST)";
				FRAMEWORK_SEARCH_PATHS = (
					"$(SDKROOT)/Developer/Library/Frameworks",
					"$(inherited)",
				);
				INFOPLIST_FILE = TestAppTests/Info.plist;
				LD_RUNPATH_SEARCH_PATHS = "$(inherited) @executable_path/Frameworks @loader_path/Frameworks";
				PRODUCT_NAME = "$(TARGET_NAME)";
				TEST_HOST = "$(BUILT_PRODUCTS_DIR)/TestApp.app/TestApp";
			};
			name = Release;
		};
/* End XCBuildConfiguration section */

/* Begin XCConfigurationList section */
		F3C79AE81B34D1A500997E63 /* Build configuration list for PBXProject "TestApp" */ = {
			isa = XCConfigurationList;
			buildConfigurations = (
				F3C79B0E1B34D1A500997E63 /* Debug */,
				F3C79B0F1B34D1A500997E63 /* Release */,
			);
			defaultConfigurationIsVisible = 0;
			defaultConfigurationName = Release;
		};
		F3C79B101B34D1A500997E63 /* Build configuration list for PBXNativeTarget "TestApp" */ = {
			isa = XCConfigurationList;
			buildConfigurations = (
				F3C79B111B34D1A500997E63 /* Debug */,
				F3C79B121B34D1A500997E63 /* Release */,
			);
			defaultConfigurationIsVisible = 0;
		};
		F3C79B131B34D1A500997E63 /* Build configuration list for PBXNativeTarget "TestAppTests" */ = {
			isa = XCConfigurationList;
			buildConfigurations = (
				F3C79B141B34D1A500997E63 /* Debug */,
				F3C79B151B34D1A500997E63 /* Release */,
			);
			defaultConfigurationIsVisible = 0;
		};
/* End XCConfigurationList section */
	};
	rootObject = F3C79AE51B34D1A500997E63 /* Project object */;
}
